// !$*UTF8*$!
{
	archiveVersion = 1;
	classes = {
	};
	objectVersion = 46;
	objects = {

/* Begin PBXBuildFile section */
		550A54221C1D454F00B33DD1 /* Message.swift in Sources */ = {isa = PBXBuildFile; fileRef = 550A54211C1D454F00B33DD1 /* Message.swift */; };
		550A54241C1D4E2A00B33DD1 /* WeatherUpdate.swift in Sources */ = {isa = PBXBuildFile; fileRef = 550A54231C1D4E2A00B33DD1 /* WeatherUpdate.swift */; };
		550A54261C1D5B6D00B33DD1 /* Global.swift in Sources */ = {isa = PBXBuildFile; fileRef = 550A54251C1D5B6D00B33DD1 /* Global.swift */; };
		550D059B1C1685B900AB88DB /* Accounts.framework in Frameworks */ = {isa = PBXBuildFile; fileRef = 550D059A1C1685B900AB88DB /* Accounts.framework */; };
		550D059D1C1685C100AB88DB /* Social.framework in Frameworks */ = {isa = PBXBuildFile; fileRef = 550D059C1C1685C100AB88DB /* Social.framework */; };
		550D05A01C169C9000AB88DB /* LoginViewController.swift in Sources */ = {isa = PBXBuildFile; fileRef = 550D059F1C169C9000AB88DB /* LoginViewController.swift */; };
		550D05A31C169E7B00AB88DB /* RegisterViewController.swift in Sources */ = {isa = PBXBuildFile; fileRef = 550D05A21C169E7B00AB88DB /* RegisterViewController.swift */; };
		552DDC6F1C169F9B004D609B /* ForgotPasswordViewController.swift in Sources */ = {isa = PBXBuildFile; fileRef = 552DDC6E1C169F9B004D609B /* ForgotPasswordViewController.swift */; };
		5534DF141C1F7826001F1054 /* AnimationController.swift in Sources */ = {isa = PBXBuildFile; fileRef = 5534DF091C1F7826001F1054 /* AnimationController.swift */; };
		5534DF151C1F7826001F1054 /* ImageAction.swift in Sources */ = {isa = PBXBuildFile; fileRef = 5534DF0A1C1F7826001F1054 /* ImageAction.swift */; };
		5534DF161C1F7826001F1054 /* ImageCollectionViewCell.swift in Sources */ = {isa = PBXBuildFile; fileRef = 5534DF0B1C1F7826001F1054 /* ImageCollectionViewCell.swift */; };
		5534DF171C1F7826001F1054 /* ImagePickerCollectionView.swift in Sources */ = {isa = PBXBuildFile; fileRef = 5534DF0C1C1F7826001F1054 /* ImagePickerCollectionView.swift */; };
		5534DF181C1F7826001F1054 /* ImagePickerSheetController.swift in Sources */ = {isa = PBXBuildFile; fileRef = 5534DF0E1C1F7826001F1054 /* ImagePickerSheetController.swift */; };
		5534DF191C1F7826001F1054 /* ImagePreviewFlowLayout.swift in Sources */ = {isa = PBXBuildFile; fileRef = 5534DF0F1C1F7826001F1054 /* ImagePreviewFlowLayout.swift */; };
		5534DF1A1C1F7826001F1054 /* ImagePreviewTableViewCell.swift in Sources */ = {isa = PBXBuildFile; fileRef = 5534DF101C1F7826001F1054 /* ImagePreviewTableViewCell.swift */; };
		5534DF1B1C1F7826001F1054 /* Images.xcassets in Resources */ = {isa = PBXBuildFile; fileRef = 5534DF111C1F7826001F1054 /* Images.xcassets */; };
		5534DF1C1C1F7826001F1054 /* Info.plist in Resources */ = {isa = PBXBuildFile; fileRef = 5534DF121C1F7826001F1054 /* Info.plist */; };
		5534DF1D1C1F7826001F1054 /* PreviewSupplementaryView.swift in Sources */ = {isa = PBXBuildFile; fileRef = 5534DF131C1F7826001F1054 /* PreviewSupplementaryView.swift */; };
		55C4CB3A1C1BA6A400940390 /* User.swift in Sources */ = {isa = PBXBuildFile; fileRef = 55C4CB391C1BA6A400940390 /* User.swift */; };
		55F7E2651C14D64C00B8A36A /* AppDelegate.swift in Sources */ = {isa = PBXBuildFile; fileRef = 55F7E2641C14D64C00B8A36A /* AppDelegate.swift */; };
		55F7E2671C14D64C00B8A36A /* UpdateViewController.swift in Sources */ = {isa = PBXBuildFile; fileRef = 55F7E2661C14D64C00B8A36A /* UpdateViewController.swift */; };
		55F7E26A1C14D64C00B8A36A /* Main.storyboard in Resources */ = {isa = PBXBuildFile; fileRef = 55F7E2681C14D64C00B8A36A /* Main.storyboard */; };
		55F7E26C1C14D64C00B8A36A /* Assets.xcassets in Resources */ = {isa = PBXBuildFile; fileRef = 55F7E26B1C14D64C00B8A36A /* Assets.xcassets */; };
		55F7E26F1C14D64C00B8A36A /* LaunchScreen.storyboard in Resources */ = {isa = PBXBuildFile; fileRef = 55F7E26D1C14D64C00B8A36A /* LaunchScreen.storyboard */; };
		55F7E27A1C14D64C00B8A36A /* DropsTests.swift in Sources */ = {isa = PBXBuildFile; fileRef = 55F7E2791C14D64C00B8A36A /* DropsTests.swift */; };
		55F7E2851C14D64C00B8A36A /* DropsUITests.swift in Sources */ = {isa = PBXBuildFile; fileRef = 55F7E2841C14D64C00B8A36A /* DropsUITests.swift */; };
		55F7E2A51C14E2D900B8A36A /* Bolts.framework in Frameworks */ = {isa = PBXBuildFile; fileRef = 55F7E29F1C14E2D900B8A36A /* Bolts.framework */; };
		55F7E2A61C14E2DA00B8A36A /* Parse.framework in Frameworks */ = {isa = PBXBuildFile; fileRef = 55F7E2A01C14E2D900B8A36A /* Parse.framework */; };
		55F7E2A71C14E2DA00B8A36A /* ParseFacebookUtils.framework in Frameworks */ = {isa = PBXBuildFile; fileRef = 55F7E2A11C14E2D900B8A36A /* ParseFacebookUtils.framework */; };
		55F7E2A81C14E2DA00B8A36A /* ParseFacebookUtilsV4.framework in Frameworks */ = {isa = PBXBuildFile; fileRef = 55F7E2A21C14E2D900B8A36A /* ParseFacebookUtilsV4.framework */; };
		55F7E2A91C14E2DA00B8A36A /* ParseTwitterUtils.framework in Frameworks */ = {isa = PBXBuildFile; fileRef = 55F7E2A31C14E2D900B8A36A /* ParseTwitterUtils.framework */; };
		55F7E2AA1C14E2DA00B8A36A /* ParseUI.framework in Frameworks */ = {isa = PBXBuildFile; fileRef = 55F7E2A41C14E2D900B8A36A /* ParseUI.framework */; };
		55F7E2AC1C14E37D00B8A36A /* AudioToolbox.framework in Frameworks */ = {isa = PBXBuildFile; fileRef = 55F7E2AB1C14E37D00B8A36A /* AudioToolbox.framework */; };
		55F7E2AE1C14E38700B8A36A /* CFNetwork.framework in Frameworks */ = {isa = PBXBuildFile; fileRef = 55F7E2AD1C14E38700B8A36A /* CFNetwork.framework */; };
		55F7E2B01C14E39100B8A36A /* CoreGraphics.framework in Frameworks */ = {isa = PBXBuildFile; fileRef = 55F7E2AF1C14E39100B8A36A /* CoreGraphics.framework */; };
		55F7E2B21C14E39900B8A36A /* CoreLocation.framework in Frameworks */ = {isa = PBXBuildFile; fileRef = 55F7E2B11C14E39900B8A36A /* CoreLocation.framework */; };
		55F7E2B41C14E3A200B8A36A /* QuartzCore.framework in Frameworks */ = {isa = PBXBuildFile; fileRef = 55F7E2B31C14E3A200B8A36A /* QuartzCore.framework */; };
		55F7E2B61C14E3AC00B8A36A /* Security.framework in Frameworks */ = {isa = PBXBuildFile; fileRef = 55F7E2B51C14E3AC00B8A36A /* Security.framework */; };
		55F7E2B81C14E3B600B8A36A /* StoreKit.framework in Frameworks */ = {isa = PBXBuildFile; fileRef = 55F7E2B71C14E3B600B8A36A /* StoreKit.framework */; };
		55F7E2BA1C14E3C300B8A36A /* SystemConfiguration.framework in Frameworks */ = {isa = PBXBuildFile; fileRef = 55F7E2B91C14E3C300B8A36A /* SystemConfiguration.framework */; };
		55F7E2BC1C14E3D000B8A36A /* libz.tbd in Frameworks */ = {isa = PBXBuildFile; fileRef = 55F7E2BB1C14E3D000B8A36A /* libz.tbd */; };
		55F7E2BE1C14E3E100B8A36A /* libsqlite3.tbd in Frameworks */ = {isa = PBXBuildFile; fileRef = 55F7E2BD1C14E3E100B8A36A /* libsqlite3.tbd */; };
/* End PBXBuildFile section */

/* Begin PBXContainerItemProxy section */
		55F7E2761C14D64C00B8A36A /* PBXContainerItemProxy */ = {
			isa = PBXContainerItemProxy;
			containerPortal = 55F7E2591C14D64C00B8A36A /* Project object */;
			proxyType = 1;
			remoteGlobalIDString = 55F7E2601C14D64C00B8A36A;
			remoteInfo = Drops;
		};
		55F7E2811C14D64C00B8A36A /* PBXContainerItemProxy */ = {
			isa = PBXContainerItemProxy;
			containerPortal = 55F7E2591C14D64C00B8A36A /* Project object */;
			proxyType = 1;
			remoteGlobalIDString = 55F7E2601C14D64C00B8A36A;
			remoteInfo = Drops;
		};
/* End PBXContainerItemProxy section */

/* Begin PBXFileReference section */
		550A54211C1D454F00B33DD1 /* Message.swift */ = {isa = PBXFileReference; fileEncoding = 4; lastKnownFileType = sourcecode.swift; path = Message.swift; sourceTree = "<group>"; };
		550A54231C1D4E2A00B33DD1 /* WeatherUpdate.swift */ = {isa = PBXFileReference; fileEncoding = 4; lastKnownFileType = sourcecode.swift; path = WeatherUpdate.swift; sourceTree = "<group>"; };
		550A54251C1D5B6D00B33DD1 /* Global.swift */ = {isa = PBXFileReference; fileEncoding = 4; lastKnownFileType = sourcecode.swift; path = Global.swift; sourceTree = "<group>"; };
		550D059A1C1685B900AB88DB /* Accounts.framework */ = {isa = PBXFileReference; lastKnownFileType = wrapper.framework; name = Accounts.framework; path = System/Library/Frameworks/Accounts.framework; sourceTree = SDKROOT; };
		550D059C1C1685C100AB88DB /* Social.framework */ = {isa = PBXFileReference; lastKnownFileType = wrapper.framework; name = Social.framework; path = System/Library/Frameworks/Social.framework; sourceTree = SDKROOT; };
		550D059F1C169C9000AB88DB /* LoginViewController.swift */ = {isa = PBXFileReference; fileEncoding = 4; lastKnownFileType = sourcecode.swift; path = LoginViewController.swift; sourceTree = "<group>"; };
		550D05A21C169E7B00AB88DB /* RegisterViewController.swift */ = {isa = PBXFileReference; fileEncoding = 4; lastKnownFileType = sourcecode.swift; path = RegisterViewController.swift; sourceTree = "<group>"; };
		552DDC6E1C169F9B004D609B /* ForgotPasswordViewController.swift */ = {isa = PBXFileReference; fileEncoding = 4; lastKnownFileType = sourcecode.swift; path = ForgotPasswordViewController.swift; sourceTree = "<group>"; };
		5534DF091C1F7826001F1054 /* AnimationController.swift */ = {isa = PBXFileReference; fileEncoding = 4; lastKnownFileType = sourcecode.swift; path = AnimationController.swift; sourceTree = "<group>"; };
		5534DF0A1C1F7826001F1054 /* ImageAction.swift */ = {isa = PBXFileReference; fileEncoding = 4; lastKnownFileType = sourcecode.swift; path = ImageAction.swift; sourceTree = "<group>"; };
		5534DF0B1C1F7826001F1054 /* ImageCollectionViewCell.swift */ = {isa = PBXFileReference; fileEncoding = 4; lastKnownFileType = sourcecode.swift; path = ImageCollectionViewCell.swift; sourceTree = "<group>"; };
		5534DF0C1C1F7826001F1054 /* ImagePickerCollectionView.swift */ = {isa = PBXFileReference; fileEncoding = 4; lastKnownFileType = sourcecode.swift; path = ImagePickerCollectionView.swift; sourceTree = "<group>"; };
		5534DF0D1C1F7826001F1054 /* ImagePickerSheetController.h */ = {isa = PBXFileReference; fileEncoding = 4; lastKnownFileType = sourcecode.c.h; path = ImagePickerSheetController.h; sourceTree = "<group>"; };
		5534DF0E1C1F7826001F1054 /* ImagePickerSheetController.swift */ = {isa = PBXFileReference; fileEncoding = 4; lastKnownFileType = sourcecode.swift; path = ImagePickerSheetController.swift; sourceTree = "<group>"; };
		5534DF0F1C1F7826001F1054 /* ImagePreviewFlowLayout.swift */ = {isa = PBXFileReference; fileEncoding = 4; lastKnownFileType = sourcecode.swift; path = ImagePreviewFlowLayout.swift; sourceTree = "<group>"; };
		5534DF101C1F7826001F1054 /* ImagePreviewTableViewCell.swift */ = {isa = PBXFileReference; fileEncoding = 4; lastKnownFileType = sourcecode.swift; path = ImagePreviewTableViewCell.swift; sourceTree = "<group>"; };
		5534DF111C1F7826001F1054 /* Images.xcassets */ = {isa = PBXFileReference; lastKnownFileType = folder.assetcatalog; path = Images.xcassets; sourceTree = "<group>"; };
		5534DF121C1F7826001F1054 /* Info.plist */ = {isa = PBXFileReference; fileEncoding = 4; lastKnownFileType = text.plist.xml; path = Info.plist; sourceTree = "<group>"; };
		5534DF131C1F7826001F1054 /* PreviewSupplementaryView.swift */ = {isa = PBXFileReference; fileEncoding = 4; lastKnownFileType = sourcecode.swift; path = PreviewSupplementaryView.swift; sourceTree = "<group>"; };
		55C4CB391C1BA6A400940390 /* User.swift */ = {isa = PBXFileReference; fileEncoding = 4; lastKnownFileType = sourcecode.swift; path = User.swift; sourceTree = "<group>"; };
		55F7E2611C14D64C00B8A36A /* Drops.app */ = {isa = PBXFileReference; explicitFileType = wrapper.application; includeInIndex = 0; path = Drops.app; sourceTree = BUILT_PRODUCTS_DIR; };
		55F7E2641C14D64C00B8A36A /* AppDelegate.swift */ = {isa = PBXFileReference; lastKnownFileType = sourcecode.swift; path = AppDelegate.swift; sourceTree = "<group>"; };
		55F7E2661C14D64C00B8A36A /* UpdateViewController.swift */ = {isa = PBXFileReference; lastKnownFileType = sourcecode.swift; path = UpdateViewController.swift; sourceTree = "<group>"; };
		55F7E2691C14D64C00B8A36A /* Base */ = {isa = PBXFileReference; lastKnownFileType = file.storyboard; name = Base; path = Base.lproj/Main.storyboard; sourceTree = "<group>"; };
		55F7E26B1C14D64C00B8A36A /* Assets.xcassets */ = {isa = PBXFileReference; lastKnownFileType = folder.assetcatalog; path = Assets.xcassets; sourceTree = "<group>"; };
		55F7E26E1C14D64C00B8A36A /* Base */ = {isa = PBXFileReference; lastKnownFileType = file.storyboard; name = Base; path = Base.lproj/LaunchScreen.storyboard; sourceTree = "<group>"; };
		55F7E2701C14D64C00B8A36A /* Info.plist */ = {isa = PBXFileReference; lastKnownFileType = text.plist.xml; path = Info.plist; sourceTree = "<group>"; };
		55F7E2751C14D64C00B8A36A /* DropsTests.xctest */ = {isa = PBXFileReference; explicitFileType = wrapper.cfbundle; includeInIndex = 0; path = DropsTests.xctest; sourceTree = BUILT_PRODUCTS_DIR; };
		55F7E2791C14D64C00B8A36A /* DropsTests.swift */ = {isa = PBXFileReference; lastKnownFileType = sourcecode.swift; path = DropsTests.swift; sourceTree = "<group>"; };
		55F7E27B1C14D64C00B8A36A /* Info.plist */ = {isa = PBXFileReference; lastKnownFileType = text.plist.xml; path = Info.plist; sourceTree = "<group>"; };
		55F7E2801C14D64C00B8A36A /* DropsUITests.xctest */ = {isa = PBXFileReference; explicitFileType = wrapper.cfbundle; includeInIndex = 0; path = DropsUITests.xctest; sourceTree = BUILT_PRODUCTS_DIR; };
		55F7E2841C14D64C00B8A36A /* DropsUITests.swift */ = {isa = PBXFileReference; lastKnownFileType = sourcecode.swift; path = DropsUITests.swift; sourceTree = "<group>"; };
		55F7E2861C14D64C00B8A36A /* Info.plist */ = {isa = PBXFileReference; lastKnownFileType = text.plist.xml; path = Info.plist; sourceTree = "<group>"; };
		55F7E29F1C14E2D900B8A36A /* Bolts.framework */ = {isa = PBXFileReference; lastKnownFileType = wrapper.framework; path = Bolts.framework; sourceTree = "<group>"; };
		55F7E2A01C14E2D900B8A36A /* Parse.framework */ = {isa = PBXFileReference; lastKnownFileType = wrapper.framework; path = Parse.framework; sourceTree = "<group>"; };
		55F7E2A11C14E2D900B8A36A /* ParseFacebookUtils.framework */ = {isa = PBXFileReference; lastKnownFileType = wrapper.framework; path = ParseFacebookUtils.framework; sourceTree = "<group>"; };
		55F7E2A21C14E2D900B8A36A /* ParseFacebookUtilsV4.framework */ = {isa = PBXFileReference; lastKnownFileType = wrapper.framework; path = ParseFacebookUtilsV4.framework; sourceTree = "<group>"; };
		55F7E2A31C14E2D900B8A36A /* ParseTwitterUtils.framework */ = {isa = PBXFileReference; lastKnownFileType = wrapper.framework; path = ParseTwitterUtils.framework; sourceTree = "<group>"; };
		55F7E2A41C14E2D900B8A36A /* ParseUI.framework */ = {isa = PBXFileReference; lastKnownFileType = wrapper.framework; path = ParseUI.framework; sourceTree = "<group>"; };
		55F7E2AB1C14E37D00B8A36A /* AudioToolbox.framework */ = {isa = PBXFileReference; lastKnownFileType = wrapper.framework; name = AudioToolbox.framework; path = System/Library/Frameworks/AudioToolbox.framework; sourceTree = SDKROOT; };
		55F7E2AD1C14E38700B8A36A /* CFNetwork.framework */ = {isa = PBXFileReference; lastKnownFileType = wrapper.framework; name = CFNetwork.framework; path = System/Library/Frameworks/CFNetwork.framework; sourceTree = SDKROOT; };
		55F7E2AF1C14E39100B8A36A /* CoreGraphics.framework */ = {isa = PBXFileReference; lastKnownFileType = wrapper.framework; name = CoreGraphics.framework; path = System/Library/Frameworks/CoreGraphics.framework; sourceTree = SDKROOT; };
		55F7E2B11C14E39900B8A36A /* CoreLocation.framework */ = {isa = PBXFileReference; lastKnownFileType = wrapper.framework; name = CoreLocation.framework; path = System/Library/Frameworks/CoreLocation.framework; sourceTree = SDKROOT; };
		55F7E2B31C14E3A200B8A36A /* QuartzCore.framework */ = {isa = PBXFileReference; lastKnownFileType = wrapper.framework; name = QuartzCore.framework; path = System/Library/Frameworks/QuartzCore.framework; sourceTree = SDKROOT; };
		55F7E2B51C14E3AC00B8A36A /* Security.framework */ = {isa = PBXFileReference; lastKnownFileType = wrapper.framework; name = Security.framework; path = System/Library/Frameworks/Security.framework; sourceTree = SDKROOT; };
		55F7E2B71C14E3B600B8A36A /* StoreKit.framework */ = {isa = PBXFileReference; lastKnownFileType = wrapper.framework; name = StoreKit.framework; path = System/Library/Frameworks/StoreKit.framework; sourceTree = SDKROOT; };
		55F7E2B91C14E3C300B8A36A /* SystemConfiguration.framework */ = {isa = PBXFileReference; lastKnownFileType = wrapper.framework; name = SystemConfiguration.framework; path = System/Library/Frameworks/SystemConfiguration.framework; sourceTree = SDKROOT; };
		55F7E2BB1C14E3D000B8A36A /* libz.tbd */ = {isa = PBXFileReference; lastKnownFileType = "sourcecode.text-based-dylib-definition"; name = libz.tbd; path = usr/lib/libz.tbd; sourceTree = SDKROOT; };
		55F7E2BD1C14E3E100B8A36A /* libsqlite3.tbd */ = {isa = PBXFileReference; lastKnownFileType = "sourcecode.text-based-dylib-definition"; name = libsqlite3.tbd; path = usr/lib/libsqlite3.tbd; sourceTree = SDKROOT; };
/* End PBXFileReference section */

/* Begin PBXFrameworksBuildPhase section */
		55F7E25E1C14D64C00B8A36A /* Frameworks */ = {
			isa = PBXFrameworksBuildPhase;
			buildActionMask = 2147483647;
			files = (
				550D059D1C1685C100AB88DB /* Social.framework in Frameworks */,
				550D059B1C1685B900AB88DB /* Accounts.framework in Frameworks */,
				55F7E2BE1C14E3E100B8A36A /* libsqlite3.tbd in Frameworks */,
				55F7E2BC1C14E3D000B8A36A /* libz.tbd in Frameworks */,
				55F7E2BA1C14E3C300B8A36A /* SystemConfiguration.framework in Frameworks */,
				55F7E2B81C14E3B600B8A36A /* StoreKit.framework in Frameworks */,
				55F7E2B61C14E3AC00B8A36A /* Security.framework in Frameworks */,
				55F7E2B41C14E3A200B8A36A /* QuartzCore.framework in Frameworks */,
				55F7E2B21C14E39900B8A36A /* CoreLocation.framework in Frameworks */,
				55F7E2B01C14E39100B8A36A /* CoreGraphics.framework in Frameworks */,
				55F7E2AE1C14E38700B8A36A /* CFNetwork.framework in Frameworks */,
				55F7E2AC1C14E37D00B8A36A /* AudioToolbox.framework in Frameworks */,
				55F7E2AA1C14E2DA00B8A36A /* ParseUI.framework in Frameworks */,
				55F7E2A61C14E2DA00B8A36A /* Parse.framework in Frameworks */,
				55F7E2A51C14E2D900B8A36A /* Bolts.framework in Frameworks */,
				55F7E2A81C14E2DA00B8A36A /* ParseFacebookUtilsV4.framework in Frameworks */,
				55F7E2A71C14E2DA00B8A36A /* ParseFacebookUtils.framework in Frameworks */,
				55F7E2A91C14E2DA00B8A36A /* ParseTwitterUtils.framework in Frameworks */,
			);
			runOnlyForDeploymentPostprocessing = 0;
		};
		55F7E2721C14D64C00B8A36A /* Frameworks */ = {
			isa = PBXFrameworksBuildPhase;
			buildActionMask = 2147483647;
			files = (
			);
			runOnlyForDeploymentPostprocessing = 0;
		};
		55F7E27D1C14D64C00B8A36A /* Frameworks */ = {
			isa = PBXFrameworksBuildPhase;
			buildActionMask = 2147483647;
			files = (
			);
			runOnlyForDeploymentPostprocessing = 0;
		};
/* End PBXFrameworksBuildPhase section */

/* Begin PBXGroup section */
		550D059E1C16891700AB88DB /* Home Screen */ = {
			isa = PBXGroup;
			children = (
				55F7E2661C14D64C00B8A36A /* UpdateViewController.swift */,
			);
			name = "Home Screen";
			sourceTree = "<group>";
		};
		550D05A11C169C9500AB88DB /* Login Screen */ = {
			isa = PBXGroup;
			children = (
				550D059F1C169C9000AB88DB /* LoginViewController.swift */,
			);
			name = "Login Screen";
			sourceTree = "<group>";
		};
		550D05A41C169E8300AB88DB /* Register Screen */ = {
			isa = PBXGroup;
			children = (
				550D05A21C169E7B00AB88DB /* RegisterViewController.swift */,
			);
			name = "Register Screen";
			sourceTree = "<group>";
		};
		552DDC701C169FA2004D609B /* Forgot Password Screen */ = {
			isa = PBXGroup;
			children = (
				552DDC6E1C169F9B004D609B /* ForgotPasswordViewController.swift */,
			);
			name = "Forgot Password Screen";
			sourceTree = "<group>";
		};
		5534DF081C1F7826001F1054 /* ImagePickerSheet */ = {
			isa = PBXGroup;
			children = (
				5534DF091C1F7826001F1054 /* AnimationController.swift */,
				5534DF0A1C1F7826001F1054 /* ImageAction.swift */,
				5534DF0B1C1F7826001F1054 /* ImageCollectionViewCell.swift */,
				5534DF0C1C1F7826001F1054 /* ImagePickerCollectionView.swift */,
				5534DF0D1C1F7826001F1054 /* ImagePickerSheetController.h */,
				5534DF0E1C1F7826001F1054 /* ImagePickerSheetController.swift */,
				5534DF0F1C1F7826001F1054 /* ImagePreviewFlowLayout.swift */,
				5534DF101C1F7826001F1054 /* ImagePreviewTableViewCell.swift */,
				5534DF111C1F7826001F1054 /* Images.xcassets */,
				5534DF121C1F7826001F1054 /* Info.plist */,
				5534DF131C1F7826001F1054 /* PreviewSupplementaryView.swift */,
			);
			path = ImagePickerSheet;
			sourceTree = "<group>";
		};
		55C4CB3B1C1BA6AB00940390 /* Model */ = {
			isa = PBXGroup;
			children = (
				55C4CB391C1BA6A400940390 /* User.swift */,
				550A54211C1D454F00B33DD1 /* Message.swift */,
				550A54231C1D4E2A00B33DD1 /* WeatherUpdate.swift */,
				550A54251C1D5B6D00B33DD1 /* Global.swift */,
			);
			name = Model;
			sourceTree = "<group>";
		};
		55F7E2581C14D64C00B8A36A = {
			isa = PBXGroup;
			children = (
				55F7E2631C14D64C00B8A36A /* Drops */,
				55F7E29E1C14E2A700B8A36A /* Frameworks */,
				5534DF081C1F7826001F1054 /* ImagePickerSheet */,
				55F7E2781C14D64C00B8A36A /* DropsTests */,
				55F7E2831C14D64C00B8A36A /* DropsUITests */,
				55F7E2621C14D64C00B8A36A /* Products */,
			);
			sourceTree = "<group>";
		};
		55F7E2621C14D64C00B8A36A /* Products */ = {
			isa = PBXGroup;
			children = (
				55F7E2611C14D64C00B8A36A /* Drops.app */,
				55F7E2751C14D64C00B8A36A /* DropsTests.xctest */,
				55F7E2801C14D64C00B8A36A /* DropsUITests.xctest */,
			);
			name = Products;
			sourceTree = "<group>";
		};
		55F7E2631C14D64C00B8A36A /* Drops */ = {
			isa = PBXGroup;
			children = (
				55F7E2641C14D64C00B8A36A /* AppDelegate.swift */,
				55F7E2681C14D64C00B8A36A /* Main.storyboard */,
				550D059E1C16891700AB88DB /* Home Screen */,
				550D05A11C169C9500AB88DB /* Login Screen */,
				550D05A41C169E8300AB88DB /* Register Screen */,
				552DDC701C169FA2004D609B /* Forgot Password Screen */,
				55F7E26B1C14D64C00B8A36A /* Assets.xcassets */,
				55F7E26D1C14D64C00B8A36A /* LaunchScreen.storyboard */,
				55F7E2701C14D64C00B8A36A /* Info.plist */,
				55C4CB3B1C1BA6AB00940390 /* Model */,
			);
			path = Drops;
			sourceTree = "<group>";
		};
		55F7E2781C14D64C00B8A36A /* DropsTests */ = {
			isa = PBXGroup;
			children = (
				55F7E2791C14D64C00B8A36A /* DropsTests.swift */,
				55F7E27B1C14D64C00B8A36A /* Info.plist */,
			);
			path = DropsTests;
			sourceTree = "<group>";
		};
		55F7E2831C14D64C00B8A36A /* DropsUITests */ = {
			isa = PBXGroup;
			children = (
				55F7E2841C14D64C00B8A36A /* DropsUITests.swift */,
				55F7E2861C14D64C00B8A36A /* Info.plist */,
			);
			path = DropsUITests;
			sourceTree = "<group>";
		};
		55F7E29E1C14E2A700B8A36A /* Frameworks */ = {
			isa = PBXGroup;
			children = (
				550D059C1C1685C100AB88DB /* Social.framework */,
				550D059A1C1685B900AB88DB /* Accounts.framework */,
				55F7E2BD1C14E3E100B8A36A /* libsqlite3.tbd */,
				55F7E2BB1C14E3D000B8A36A /* libz.tbd */,
				55F7E2B91C14E3C300B8A36A /* SystemConfiguration.framework */,
				55F7E2B71C14E3B600B8A36A /* StoreKit.framework */,
				55F7E2B51C14E3AC00B8A36A /* Security.framework */,
				55F7E2B31C14E3A200B8A36A /* QuartzCore.framework */,
				55F7E2B11C14E39900B8A36A /* CoreLocation.framework */,
				55F7E2AF1C14E39100B8A36A /* CoreGraphics.framework */,
				55F7E2AD1C14E38700B8A36A /* CFNetwork.framework */,
				55F7E2AB1C14E37D00B8A36A /* AudioToolbox.framework */,
				55F7E29F1C14E2D900B8A36A /* Bolts.framework */,
				55F7E2A01C14E2D900B8A36A /* Parse.framework */,
				55F7E2A11C14E2D900B8A36A /* ParseFacebookUtils.framework */,
				55F7E2A21C14E2D900B8A36A /* ParseFacebookUtilsV4.framework */,
				55F7E2A31C14E2D900B8A36A /* ParseTwitterUtils.framework */,
				55F7E2A41C14E2D900B8A36A /* ParseUI.framework */,
			);
			name = Frameworks;
			sourceTree = "<group>";
		};
/* End PBXGroup section */

/* Begin PBXNativeTarget section */
		55F7E2601C14D64C00B8A36A /* Drops */ = {
			isa = PBXNativeTarget;
			buildConfigurationList = 55F7E2891C14D64C00B8A36A /* Build configuration list for PBXNativeTarget "Drops" */;
			buildPhases = (
				55F7E25D1C14D64C00B8A36A /* Sources */,
				55F7E25E1C14D64C00B8A36A /* Frameworks */,
				55F7E25F1C14D64C00B8A36A /* Resources */,
			);
			buildRules = (
			);
			dependencies = (
			);
			name = Drops;
			productName = Drops;
			productReference = 55F7E2611C14D64C00B8A36A /* Drops.app */;
			productType = "com.apple.product-type.application";
		};
		55F7E2741C14D64C00B8A36A /* DropsTests */ = {
			isa = PBXNativeTarget;
			buildConfigurationList = 55F7E28C1C14D64C00B8A36A /* Build configuration list for PBXNativeTarget "DropsTests" */;
			buildPhases = (
				55F7E2711C14D64C00B8A36A /* Sources */,
				55F7E2721C14D64C00B8A36A /* Frameworks */,
				55F7E2731C14D64C00B8A36A /* Resources */,
			);
			buildRules = (
			);
			dependencies = (
				55F7E2771C14D64C00B8A36A /* PBXTargetDependency */,
			);
			name = DropsTests;
			productName = DropsTests;
			productReference = 55F7E2751C14D64C00B8A36A /* DropsTests.xctest */;
			productType = "com.apple.product-type.bundle.unit-test";
		};
		55F7E27F1C14D64C00B8A36A /* DropsUITests */ = {
			isa = PBXNativeTarget;
			buildConfigurationList = 55F7E28F1C14D64C00B8A36A /* Build configuration list for PBXNativeTarget "DropsUITests" */;
			buildPhases = (
				55F7E27C1C14D64C00B8A36A /* Sources */,
				55F7E27D1C14D64C00B8A36A /* Frameworks */,
				55F7E27E1C14D64C00B8A36A /* Resources */,
			);
			buildRules = (
			);
			dependencies = (
				55F7E2821C14D64C00B8A36A /* PBXTargetDependency */,
			);
			name = DropsUITests;
			productName = DropsUITests;
			productReference = 55F7E2801C14D64C00B8A36A /* DropsUITests.xctest */;
			productType = "com.apple.product-type.bundle.ui-testing";
		};
/* End PBXNativeTarget section */

/* Begin PBXProject section */
		55F7E2591C14D64C00B8A36A /* Project object */ = {
			isa = PBXProject;
			attributes = {
				LastSwiftUpdateCheck = 0710;
				LastUpgradeCheck = 0710;
				ORGANIZATIONNAME = "Josh Lopez";
				TargetAttributes = {
					55F7E2601C14D64C00B8A36A = {
						CreatedOnToolsVersion = 7.1.1;
					};
					55F7E2741C14D64C00B8A36A = {
						CreatedOnToolsVersion = 7.1.1;
						TestTargetID = 55F7E2601C14D64C00B8A36A;
					};
					55F7E27F1C14D64C00B8A36A = {
						CreatedOnToolsVersion = 7.1.1;
						TestTargetID = 55F7E2601C14D64C00B8A36A;
					};
				};
			};
			buildConfigurationList = 55F7E25C1C14D64C00B8A36A /* Build configuration list for PBXProject "Drops" */;
			compatibilityVersion = "Xcode 3.2";
			developmentRegion = English;
			hasScannedForEncodings = 0;
			knownRegions = (
				en,
				Base,
			);
			mainGroup = 55F7E2581C14D64C00B8A36A;
			productRefGroup = 55F7E2621C14D64C00B8A36A /* Products */;
			projectDirPath = "";
			projectRoot = "";
			targets = (
				55F7E2601C14D64C00B8A36A /* Drops */,
				55F7E2741C14D64C00B8A36A /* DropsTests */,
				55F7E27F1C14D64C00B8A36A /* DropsUITests */,
			);
		};
/* End PBXProject section */

/* Begin PBXResourcesBuildPhase section */
		55F7E25F1C14D64C00B8A36A /* Resources */ = {
			isa = PBXResourcesBuildPhase;
			buildActionMask = 2147483647;
			files = (
				55F7E26F1C14D64C00B8A36A /* LaunchScreen.storyboard in Resources */,
				5534DF1B1C1F7826001F1054 /* Images.xcassets in Resources */,
				55F7E26C1C14D64C00B8A36A /* Assets.xcassets in Resources */,
				5534DF1C1C1F7826001F1054 /* Info.plist in Resources */,
				55F7E26A1C14D64C00B8A36A /* Main.storyboard in Resources */,
			);
			runOnlyForDeploymentPostprocessing = 0;
		};
		55F7E2731C14D64C00B8A36A /* Resources */ = {
			isa = PBXResourcesBuildPhase;
			buildActionMask = 2147483647;
			files = (
			);
			runOnlyForDeploymentPostprocessing = 0;
		};
		55F7E27E1C14D64C00B8A36A /* Resources */ = {
			isa = PBXResourcesBuildPhase;
			buildActionMask = 2147483647;
			files = (
			);
			runOnlyForDeploymentPostprocessing = 0;
		};
/* End PBXResourcesBuildPhase section */

/* Begin PBXSourcesBuildPhase section */
		55F7E25D1C14D64C00B8A36A /* Sources */ = {
			isa = PBXSourcesBuildPhase;
			buildActionMask = 2147483647;
			files = (
				5534DF1D1C1F7826001F1054 /* PreviewSupplementaryView.swift in Sources */,
				5534DF191C1F7826001F1054 /* ImagePreviewFlowLayout.swift in Sources */,
				550D05A01C169C9000AB88DB /* LoginViewController.swift in Sources */,
				5534DF1A1C1F7826001F1054 /* ImagePreviewTableViewCell.swift in Sources */,
				552DDC6F1C169F9B004D609B /* ForgotPasswordViewController.swift in Sources */,
				550A54241C1D4E2A00B33DD1 /* WeatherUpdate.swift in Sources */,
				55C4CB3A1C1BA6A400940390 /* User.swift in Sources */,
				5534DF181C1F7826001F1054 /* ImagePickerSheetController.swift in Sources */,
				5534DF151C1F7826001F1054 /* ImageAction.swift in Sources */,
				5534DF141C1F7826001F1054 /* AnimationController.swift in Sources */,
				5534DF161C1F7826001F1054 /* ImageCollectionViewCell.swift in Sources */,
				55F7E2671C14D64C00B8A36A /* UpdateViewController.swift in Sources */,
				55F7E2651C14D64C00B8A36A /* AppDelegate.swift in Sources */,
				550D05A31C169E7B00AB88DB /* RegisterViewController.swift in Sources */,
				550A54221C1D454F00B33DD1 /* Message.swift in Sources */,
				550A54261C1D5B6D00B33DD1 /* Global.swift in Sources */,
				5534DF171C1F7826001F1054 /* ImagePickerCollectionView.swift in Sources */,
			);
			runOnlyForDeploymentPostprocessing = 0;
		};
		55F7E2711C14D64C00B8A36A /* Sources */ = {
			isa = PBXSourcesBuildPhase;
			buildActionMask = 2147483647;
			files = (
				55F7E27A1C14D64C00B8A36A /* DropsTests.swift in Sources */,
			);
			runOnlyForDeploymentPostprocessing = 0;
		};
		55F7E27C1C14D64C00B8A36A /* Sources */ = {
			isa = PBXSourcesBuildPhase;
			buildActionMask = 2147483647;
			files = (
				55F7E2851C14D64C00B8A36A /* DropsUITests.swift in Sources */,
			);
			runOnlyForDeploymentPostprocessing = 0;
		};
/* End PBXSourcesBuildPhase section */

/* Begin PBXTargetDependency section */
		55F7E2771C14D64C00B8A36A /* PBXTargetDependency */ = {
			isa = PBXTargetDependency;
			target = 55F7E2601C14D64C00B8A36A /* Drops */;
			targetProxy = 55F7E2761C14D64C00B8A36A /* PBXContainerItemProxy */;
		};
		55F7E2821C14D64C00B8A36A /* PBXTargetDependency */ = {
			isa = PBXTargetDependency;
			target = 55F7E2601C14D64C00B8A36A /* Drops */;
			targetProxy = 55F7E2811C14D64C00B8A36A /* PBXContainerItemProxy */;
		};
/* End PBXTargetDependency section */

/* Begin PBXVariantGroup section */
		55F7E2681C14D64C00B8A36A /* Main.storyboard */ = {
			isa = PBXVariantGroup;
			children = (
				55F7E2691C14D64C00B8A36A /* Base */,
			);
			name = Main.storyboard;
			sourceTree = "<group>";
		};
		55F7E26D1C14D64C00B8A36A /* LaunchScreen.storyboard */ = {
			isa = PBXVariantGroup;
			children = (
				55F7E26E1C14D64C00B8A36A /* Base */,
			);
			name = LaunchScreen.storyboard;
			sourceTree = "<group>";
		};
/* End PBXVariantGroup section */

/* Begin XCBuildConfiguration section */
		55F7E2871C14D64C00B8A36A /* Debug */ = {
			isa = XCBuildConfiguration;
			buildSettings = {
				ALWAYS_SEARCH_USER_PATHS = NO;
				CLANG_CXX_LANGUAGE_STANDARD = "gnu++0x";
				CLANG_CXX_LIBRARY = "libc++";
				CLANG_ENABLE_MODULES = YES;
				CLANG_ENABLE_OBJC_ARC = YES;
				CLANG_WARN_BOOL_CONVERSION = YES;
				CLANG_WARN_CONSTANT_CONVERSION = YES;
				CLANG_WARN_DIRECT_OBJC_ISA_USAGE = YES_ERROR;
				CLANG_WARN_EMPTY_BODY = YES;
				CLANG_WARN_ENUM_CONVERSION = YES;
				CLANG_WARN_INT_CONVERSION = YES;
				CLANG_WARN_OBJC_ROOT_CLASS = YES_ERROR;
				CLANG_WARN_UNREACHABLE_CODE = YES;
				CLANG_WARN__DUPLICATE_METHOD_MATCH = YES;
				"CODE_SIGN_IDENTITY[sdk=iphoneos*]" = "iPhone Developer";
				COPY_PHASE_STRIP = NO;
				DEBUG_INFORMATION_FORMAT = dwarf;
				ENABLE_STRICT_OBJC_MSGSEND = YES;
				ENABLE_TESTABILITY = YES;
				GCC_C_LANGUAGE_STANDARD = gnu99;
				GCC_DYNAMIC_NO_PIC = NO;
				GCC_NO_COMMON_BLOCKS = YES;
				GCC_OPTIMIZATION_LEVEL = 0;
				GCC_PREPROCESSOR_DEFINITIONS = (
					"DEBUG=1",
					"$(inherited)",
				);
				GCC_WARN_64_TO_32_BIT_CONVERSION = YES;
				GCC_WARN_ABOUT_RETURN_TYPE = YES_ERROR;
				GCC_WARN_UNDECLARED_SELECTOR = YES;
				GCC_WARN_UNINITIALIZED_AUTOS = YES_AGGRESSIVE;
				GCC_WARN_UNUSED_FUNCTION = YES;
				GCC_WARN_UNUSED_VARIABLE = YES;
				IPHONEOS_DEPLOYMENT_TARGET = 9.1;
				MTL_ENABLE_DEBUG_INFO = YES;
				ONLY_ACTIVE_ARCH = YES;
				SDKROOT = iphoneos;
				SWIFT_OPTIMIZATION_LEVEL = "-Onone";
				TARGETED_DEVICE_FAMILY = "1,2";
			};
			name = Debug;
		};
		55F7E2881C14D64C00B8A36A /* Release */ = {
			isa = XCBuildConfiguration;
			buildSettings = {
				ALWAYS_SEARCH_USER_PATHS = NO;
				CLANG_CXX_LANGUAGE_STANDARD = "gnu++0x";
				CLANG_CXX_LIBRARY = "libc++";
				CLANG_ENABLE_MODULES = YES;
				CLANG_ENABLE_OBJC_ARC = YES;
				CLANG_WARN_BOOL_CONVERSION = YES;
				CLANG_WARN_CONSTANT_CONVERSION = YES;
				CLANG_WARN_DIRECT_OBJC_ISA_USAGE = YES_ERROR;
				CLANG_WARN_EMPTY_BODY = YES;
				CLANG_WARN_ENUM_CONVERSION = YES;
				CLANG_WARN_INT_CONVERSION = YES;
				CLANG_WARN_OBJC_ROOT_CLASS = YES_ERROR;
				CLANG_WARN_UNREACHABLE_CODE = YES;
				CLANG_WARN__DUPLICATE_METHOD_MATCH = YES;
				"CODE_SIGN_IDENTITY[sdk=iphoneos*]" = "iPhone Developer";
				COPY_PHASE_STRIP = NO;
				DEBUG_INFORMATION_FORMAT = "dwarf-with-dsym";
				ENABLE_NS_ASSERTIONS = NO;
				ENABLE_STRICT_OBJC_MSGSEND = YES;
				GCC_C_LANGUAGE_STANDARD = gnu99;
				GCC_NO_COMMON_BLOCKS = YES;
				GCC_WARN_64_TO_32_BIT_CONVERSION = YES;
				GCC_WARN_ABOUT_RETURN_TYPE = YES_ERROR;
				GCC_WARN_UNDECLARED_SELECTOR = YES;
				GCC_WARN_UNINITIALIZED_AUTOS = YES_AGGRESSIVE;
				GCC_WARN_UNUSED_FUNCTION = YES;
				GCC_WARN_UNUSED_VARIABLE = YES;
				IPHONEOS_DEPLOYMENT_TARGET = 9.1;
				MTL_ENABLE_DEBUG_INFO = NO;
				SDKROOT = iphoneos;
				TARGETED_DEVICE_FAMILY = "1,2";
				VALIDATE_PRODUCT = YES;
			};
			name = Release;
		};
		55F7E28A1C14D64C00B8A36A /* Debug */ = {
			isa = XCBuildConfiguration;
			buildSettings = {
				ASSETCATALOG_COMPILER_APPICON_NAME = AppIcon;
				FRAMEWORK_SEARCH_PATHS = (
					"$(inherited)",
					"$(PROJECT_DIR)",
				);
				INFOPLIST_FILE = Drops/Info.plist;
				LD_RUNPATH_SEARCH_PATHS = "$(inherited) @executable_path/Frameworks";
				PRODUCT_BUNDLE_IDENTIFIER = DevJoshLopez.Drops;
				PRODUCT_NAME = "$(TARGET_NAME)";
			};
			name = Debug;
		};
		55F7E28B1C14D64C00B8A36A /* Release */ = {
			isa = XCBuildConfiguration;
			buildSettings = {
				ASSETCATALOG_COMPILER_APPICON_NAME = AppIcon;
				FRAMEWORK_SEARCH_PATHS = (
					"$(inherited)",
					"$(PROJECT_DIR)",
				);
				INFOPLIST_FILE = Drops/Info.plist;
				LD_RUNPATH_SEARCH_PATHS = "$(inherited) @executable_path/Frameworks";
				PRODUCT_BUNDLE_IDENTIFIER = DevJoshLopez.Drops;
				PRODUCT_NAME = "$(TARGET_NAME)";
			};
			name = Release;
		};
		55F7E28D1C14D64C00B8A36A /* Debug */ = {
			isa = XCBuildConfiguration;
			buildSettings = {
				BUNDLE_LOADER = "$(TEST_HOST)";
				INFOPLIST_FILE = DropsTests/Info.plist;
				LD_RUNPATH_SEARCH_PATHS = "$(inherited) @executable_path/Frameworks @loader_path/Frameworks";
				PRODUCT_BUNDLE_IDENTIFIER = DevJoshLopez.DropsTests;
				PRODUCT_NAME = "$(TARGET_NAME)";
				TEST_HOST = "$(BUILT_PRODUCTS_DIR)/Drops.app/Drops";
			};
			name = Debug;
		};
		55F7E28E1C14D64C00B8A36A /* Release */ = {
			isa = XCBuildConfiguration;
			buildSettings = {
				BUNDLE_LOADER = "$(TEST_HOST)";
				INFOPLIST_FILE = DropsTests/Info.plist;
				LD_RUNPATH_SEARCH_PATHS = "$(inherited) @executable_path/Frameworks @loader_path/Frameworks";
				PRODUCT_BUNDLE_IDENTIFIER = DevJoshLopez.DropsTests;
				PRODUCT_NAME = "$(TARGET_NAME)";
				TEST_HOST = "$(BUILT_PRODUCTS_DIR)/Drops.app/Drops";
			};
			name = Release;
		};
		55F7E2901C14D64C00B8A36A /* Debug */ = {
			isa = XCBuildConfiguration;
			buildSettings = {
				INFOPLIST_FILE = DropsUITests/Info.plist;
				LD_RUNPATH_SEARCH_PATHS = "$(inherited) @executable_path/Frameworks @loader_path/Frameworks";
				PRODUCT_BUNDLE_IDENTIFIER = DevJoshLopez.DropsUITests;
				PRODUCT_NAME = "$(TARGET_NAME)";
				TEST_TARGET_NAME = Drops;
				USES_XCTRUNNER = YES;
			};
			name = Debug;
		};
		55F7E2911C14D64C00B8A36A /* Release */ = {
			isa = XCBuildConfiguration;
			buildSettings = {
				INFOPLIST_FILE = DropsUITests/Info.plist;
				LD_RUNPATH_SEARCH_PATHS = "$(inherited) @executable_path/Frameworks @loader_path/Frameworks";
				PRODUCT_BUNDLE_IDENTIFIER = DevJoshLopez.DropsUITests;
				PRODUCT_NAME = "$(TARGET_NAME)";
				TEST_TARGET_NAME = Drops;
				USES_XCTRUNNER = YES;
			};
			name = Release;
		};
/* End XCBuildConfiguration section */

/* Begin XCConfigurationList section */
		55F7E25C1C14D64C00B8A36A /* Build configuration list for PBXProject "Drops" */ = {
			isa = XCConfigurationList;
			buildConfigurations = (
				55F7E2871C14D64C00B8A36A /* Debug */,
				55F7E2881C14D64C00B8A36A /* Release */,
			);
			defaultConfigurationIsVisible = 0;
			defaultConfigurationName = Release;
		};
		55F7E2891C14D64C00B8A36A /* Build configuration list for PBXNativeTarget "Drops" */ = {
			isa = XCConfigurationList;
			buildConfigurations = (
				55F7E28A1C14D64C00B8A36A /* Debug */,
				55F7E28B1C14D64C00B8A36A /* Release */,
			);
			defaultConfigurationIsVisible = 0;
			defaultConfigurationName = Release;
		};
		55F7E28C1C14D64C00B8A36A /* Build configuration list for PBXNativeTarget "DropsTests" */ = {
			isa = XCConfigurationList;
			buildConfigurations = (
				55F7E28D1C14D64C00B8A36A /* Debug */,
				55F7E28E1C14D64C00B8A36A /* Release */,
			);
			defaultConfigurationIsVisible = 0;
			defaultConfigurationName = Release;
		};
		55F7E28F1C14D64C00B8A36A /* Build configuration list for PBXNativeTarget "DropsUITests" */ = {
			isa = XCConfigurationList;
			buildConfigurations = (
				55F7E2901C14D64C00B8A36A /* Debug */,
				55F7E2911C14D64C00B8A36A /* Release */,
			);
			defaultConfigurationIsVisible = 0;
			defaultConfigurationName = Release;
		};
/* End XCConfigurationList section */
	};
	rootObject = 55F7E2591C14D64C00B8A36A /* Project object */;
}
